// !$*UTF8*$!
{
	archiveVersion = 1;
	classes = {
	};
	objectVersion = 46;
	objects = {

/* Begin PBXBuildFile section */
		7411C1FC1C87AB9E00323400 /* main.swift in Sources */ = {isa = PBXBuildFile; fileRef = 7411C1FB1C87AB9E00323400 /* main.swift */; };
		7411C2051C87AC3000323400 /* NSFileHandleExtension.swift in Sources */ = {isa = PBXBuildFile; fileRef = 7411C2041C87AC3000323400 /* NSFileHandleExtension.swift */; };
		74B1A2981C8F78C0003C45A3 /* ConfusionMatrix.swift in Sources */ = {isa = PBXBuildFile; fileRef = 74B1A2971C8F78C0003C45A3 /* ConfusionMatrix.swift */; };
		74B6389D1C88C5BD00684CFE /* NumberInstance.swift in Sources */ = {isa = PBXBuildFile; fileRef = 74B6389C1C88C5BD00684CFE /* NumberInstance.swift */; };
		74B6389F1C88C6A400684CFE /* Cluster.swift in Sources */ = {isa = PBXBuildFile; fileRef = 74B6389E1C88C6A400684CFE /* Cluster.swift */; };
		74B638A11C88C71C00684CFE /* Point.swift in Sources */ = {isa = PBXBuildFile; fileRef = 74B638A01C88C71C00684CFE /* Point.swift */; };
		74B638A31C88EC9100684CFE /* NSArrayExtension.swift in Sources */ = {isa = PBXBuildFile; fileRef = 74B638A21C88EC9100684CFE /* NSArrayExtension.swift */; };
		74B638A71C8B792F00684CFE /* ClusterSet.swift in Sources */ = {isa = PBXBuildFile; fileRef = 74B638A61C8B792F00684CFE /* ClusterSet.swift */; };
		74B638AC1C8BA66300684CFE /* DataProcessing.swift in Sources */ = {isa = PBXBuildFile; fileRef = 74B638AB1C8BA66300684CFE /* DataProcessing.swift */; };
		74B638AE1C8CEB5400684CFE /* KMTestResult.swift in Sources */ = {isa = PBXBuildFile; fileRef = 74B638AD1C8CEB5400684CFE /* KMTestResult.swift */; };
/* End PBXBuildFile section */

/* Begin PBXCopyFilesBuildPhase section */
		7411C1F61C87AB9E00323400 /* CopyFiles */ = {
			isa = PBXCopyFilesBuildPhase;
			buildActionMask = 2147483647;
			dstPath = /usr/share/man/man1/;
			dstSubfolderSpec = 0;
			files = (
			);
			runOnlyForDeploymentPostprocessing = 1;
		};
/* End PBXCopyFilesBuildPhase section */

/* Begin PBXFileReference section */
		7411C1F81C87AB9E00323400 /* K-Means Clustering */ = {isa = PBXFileReference; explicitFileType = "compiled.mach-o.executable"; includeInIndex = 0; path = "K-Means Clustering"; sourceTree = BUILT_PRODUCTS_DIR; };
		7411C1FB1C87AB9E00323400 /* main.swift */ = {isa = PBXFileReference; lastKnownFileType = sourcecode.swift; path = main.swift; sourceTree = "<group>"; };
		7411C2041C87AC3000323400 /* NSFileHandleExtension.swift */ = {isa = PBXFileReference; fileEncoding = 4; lastKnownFileType = sourcecode.swift; path = NSFileHandleExtension.swift; sourceTree = "<group>"; };
		74B1A2971C8F78C0003C45A3 /* ConfusionMatrix.swift */ = {isa = PBXFileReference; fileEncoding = 4; lastKnownFileType = sourcecode.swift; path = ConfusionMatrix.swift; sourceTree = "<group>"; };
		74B6389C1C88C5BD00684CFE /* NumberInstance.swift */ = {isa = PBXFileReference; fileEncoding = 4; lastKnownFileType = sourcecode.swift; path = NumberInstance.swift; sourceTree = "<group>"; };
		74B6389E1C88C6A400684CFE /* Cluster.swift */ = {isa = PBXFileReference; fileEncoding = 4; lastKnownFileType = sourcecode.swift; path = Cluster.swift; sourceTree = "<group>"; };
		74B638A01C88C71C00684CFE /* Point.swift */ = {isa = PBXFileReference; fileEncoding = 4; lastKnownFileType = sourcecode.swift; path = Point.swift; sourceTree = "<group>"; };
		74B638A21C88EC9100684CFE /* NSArrayExtension.swift */ = {isa = PBXFileReference; fileEncoding = 4; lastKnownFileType = sourcecode.swift; path = NSArrayExtension.swift; sourceTree = "<group>"; };
		74B638A61C8B792F00684CFE /* ClusterSet.swift */ = {isa = PBXFileReference; fileEncoding = 4; lastKnownFileType = sourcecode.swift; path = ClusterSet.swift; sourceTree = "<group>"; };
		74B638AB1C8BA66300684CFE /* DataProcessing.swift */ = {isa = PBXFileReference; fileEncoding = 4; lastKnownFileType = sourcecode.swift; name = DataProcessing.swift; path = Helpers/DataProcessing.swift; sourceTree = "<group>"; };
		74B638AD1C8CEB5400684CFE /* KMTestResult.swift */ = {isa = PBXFileReference; fileEncoding = 4; lastKnownFileType = sourcecode.swift; path = KMTestResult.swift; sourceTree = "<group>"; };
/* End PBXFileReference section */

/* Begin PBXFrameworksBuildPhase section */
		7411C1F51C87AB9E00323400 /* Frameworks */ = {
			isa = PBXFrameworksBuildPhase;
			buildActionMask = 2147483647;
			files = (
			);
			runOnlyForDeploymentPostprocessing = 0;
		};
/* End PBXFrameworksBuildPhase section */

/* Begin PBXGroup section */
		7411C1EF1C87AB9E00323400 = {
			isa = PBXGroup;
			children = (
				7411C1FA1C87AB9E00323400 /* K-Means Clustering */,
				7411C1F91C87AB9E00323400 /* Products */,
			);
			sourceTree = "<group>";
		};
		7411C1F91C87AB9E00323400 /* Products */ = {
			isa = PBXGroup;
			children = (
				7411C1F81C87AB9E00323400 /* K-Means Clustering */,
			);
			name = Products;
			sourceTree = "<group>";
		};
		7411C1FA1C87AB9E00323400 /* K-Means Clustering */ = {
			isa = PBXGroup;
			children = (
				74B638A81C8BA58000684CFE /* Helpers */,
				74B6389B1C88C5A400684CFE /* Model */,
				7411C2031C87AC3000323400 /* Extensions */,
				7411C1FB1C87AB9E00323400 /* main.swift */,
			);
			path = "K-Means Clustering";
			sourceTree = "<group>";
		};
		7411C2031C87AC3000323400 /* Extensions */ = {
			isa = PBXGroup;
			children = (
				74B638A21C88EC9100684CFE /* NSArrayExtension.swift */,
				7411C2041C87AC3000323400 /* NSFileHandleExtension.swift */,
			);
			path = Extensions;
			sourceTree = "<group>";
		};
		74B6389B1C88C5A400684CFE /* Model */ = {
			isa = PBXGroup;
			children = (
				74B6389C1C88C5BD00684CFE /* NumberInstance.swift */,
				74B6389E1C88C6A400684CFE /* Cluster.swift */,
				74B638A01C88C71C00684CFE /* Point.swift */,
				74B638A61C8B792F00684CFE /* ClusterSet.swift */,
				74B638AD1C8CEB5400684CFE /* KMTestResult.swift */,
				74B1A2971C8F78C0003C45A3 /* ConfusionMatrix.swift */,
			);
			path = Model;
			sourceTree = "<group>";
		};
		74B638A81C8BA58000684CFE /* Helpers */ = {
			isa = PBXGroup;
			children = (
				74B638AB1C8BA66300684CFE /* DataProcessing.swift */,
			);
			name = Helpers;
			sourceTree = "<group>";
		};
/* End PBXGroup section */

/* Begin PBXNativeTarget section */
		7411C1F71C87AB9E00323400 /* K-Means Clustering */ = {
			isa = PBXNativeTarget;
			buildConfigurationList = 7411C1FF1C87AB9E00323400 /* Build configuration list for PBXNativeTarget "K-Means Clustering" */;
			buildPhases = (
				7411C1F41C87AB9E00323400 /* Sources */,
				7411C1F51C87AB9E00323400 /* Frameworks */,
				7411C1F61C87AB9E00323400 /* CopyFiles */,
			);
			buildRules = (
			);
			dependencies = (
			);
			name = "K-Means Clustering";
			productName = "K-Means Clustering";
			productReference = 7411C1F81C87AB9E00323400 /* K-Means Clustering */;
			productType = "com.apple.product-type.tool";
		};
/* End PBXNativeTarget section */

/* Begin PBXProject section */
		7411C1F01C87AB9E00323400 /* Project object */ = {
			isa = PBXProject;
			attributes = {
				LastSwiftUpdateCheck = 0710;
				LastUpgradeCheck = 0710;
				ORGANIZATIONNAME = "Ryan Bernstein";
				TargetAttributes = {
					7411C1F71C87AB9E00323400 = {
						CreatedOnToolsVersion = 7.1;
					};
				};
			};
			buildConfigurationList = 7411C1F31C87AB9E00323400 /* Build configuration list for PBXProject "K-Means Clustering" */;
			compatibilityVersion = "Xcode 3.2";
			developmentRegion = English;
			hasScannedForEncodings = 0;
			knownRegions = (
				en,
			);
			mainGroup = 7411C1EF1C87AB9E00323400;
			productRefGroup = 7411C1F91C87AB9E00323400 /* Products */;
			projectDirPath = "";
			projectRoot = "";
			targets = (
				7411C1F71C87AB9E00323400 /* K-Means Clustering */,
			);
		};
/* End PBXProject section */

/* Begin PBXSourcesBuildPhase section */
		7411C1F41C87AB9E00323400 /* Sources */ = {
			isa = PBXSourcesBuildPhase;
			buildActionMask = 2147483647;
			files = (
				74B6389D1C88C5BD00684CFE /* NumberInstance.swift in Sources */,
				74B638A71C8B792F00684CFE /* ClusterSet.swift in Sources */,
				74B638AE1C8CEB5400684CFE /* KMTestResult.swift in Sources */,
				74B638A11C88C71C00684CFE /* Point.swift in Sources */,
				74B638A31C88EC9100684CFE /* NSArrayExtension.swift in Sources */,
				74B1A2981C8F78C0003C45A3 /* ConfusionMatrix.swift in Sources */,
				74B638AC1C8BA66300684CFE /* DataProcessing.swift in Sources */,
				7411C2051C87AC3000323400 /* NSFileHandleExtension.swift in Sources */,
				74B6389F1C88C6A400684CFE /* Cluster.swift in Sources */,
				7411C1FC1C87AB9E00323400 /* main.swift in Sources */,
			);
			runOnlyForDeploymentPostprocessing = 0;
		};
/* End PBXSourcesBuildPhase section */

/* Begin XCBuildConfiguration section */
		7411C1FD1C87AB9E00323400 /* Debug */ = {
			isa = XCBuildConfiguration;
			buildSettings = {
				ALWAYS_SEARCH_USER_PATHS = NO;
				CLANG_CXX_LANGUAGE_STANDARD = "gnu++0x";
				CLANG_CXX_LIBRARY = "libc++";
				CLANG_ENABLE_MODULES = YES;
				CLANG_ENABLE_OBJC_ARC = YES;
				CLANG_WARN_BOOL_CONVERSION = YES;
				CLANG_WARN_CONSTANT_CONVERSION = YES;
				CLANG_WARN_DIRECT_OBJC_ISA_USAGE = YES_ERROR;
				CLANG_WARN_EMPTY_BODY = YES;
				CLANG_WARN_ENUM_CONVERSION = YES;
				CLANG_WARN_INT_CONVERSION = YES;
				CLANG_WARN_OBJC_ROOT_CLASS = YES_ERROR;
				CLANG_WARN_UNREACHABLE_CODE = YES;
				CLANG_WARN__DUPLICATE_METHOD_MATCH = YES;
				CODE_SIGN_IDENTITY = "-";
				COPY_PHASE_STRIP = NO;
				DEBUG_INFORMATION_FORMAT = dwarf;
				ENABLE_STRICT_OBJC_MSGSEND = YES;
				ENABLE_TESTABILITY = YES;
				GCC_C_LANGUAGE_STANDARD = gnu99;
				GCC_DYNAMIC_NO_PIC = NO;
				GCC_NO_COMMON_BLOCKS = YES;
				GCC_OPTIMIZATION_LEVEL = 0;
				GCC_PREPROCESSOR_DEFINITIONS = (
					"DEBUG=1",
					"$(inherited)",
				);
				GCC_WARN_64_TO_32_BIT_CONVERSION = YES;
				GCC_WARN_ABOUT_RETURN_TYPE = YES_ERROR;
				GCC_WARN_UNDECLARED_SELECTOR = YES;
				GCC_WARN_UNINITIALIZED_AUTOS = YES_AGGRESSIVE;
				GCC_WARN_UNUSED_FUNCTION = YES;
				GCC_WARN_UNUSED_VARIABLE = YES;
				MACOSX_DEPLOYMENT_TARGET = 10.10;
				MTL_ENABLE_DEBUG_INFO = YES;
				ONLY_ACTIVE_ARCH = YES;
				SDKROOT = macosx;
				SWIFT_OPTIMIZATION_LEVEL = "-Onone";
			};
			name = Debug;
		};
		7411C1FE1C87AB9E00323400 /* Release */ = {
			isa = XCBuildConfiguration;
			buildSettings = {
				ALWAYS_SEARCH_USER_PATHS = NO;
				CLANG_CXX_LANGUAGE_STANDARD = "gnu++0x";
				CLANG_CXX_LIBRARY = "libc++";
				CLANG_ENABLE_MODULES = YES;
				CLANG_ENABLE_OBJC_ARC = YES;
				CLANG_WARN_BOOL_CONVERSION = YES;
				CLANG_WARN_CONSTANT_CONVERSION = YES;
				CLANG_WARN_DIRECT_OBJC_ISA_USAGE = YES_ERROR;
				CLANG_WARN_EMPTY_BODY = YES;
				CLANG_WARN_ENUM_CONVERSION = YES;
				CLANG_WARN_INT_CONVERSION = YES;
				CLANG_WARN_OBJC_ROOT_CLASS = YES_ERROR;
				CLANG_WARN_UNREACHABLE_CODE = YES;
				CLANG_WARN__DUPLICATE_METHOD_MATCH = YES;
				CODE_SIGN_IDENTITY = "-";
				COPY_PHASE_STRIP = NO;
				DEBUG_INFORMATION_FORMAT = "dwarf-with-dsym";
				ENABLE_NS_ASSERTIONS = NO;
				ENABLE_STRICT_OBJC_MSGSEND = YES;
				GCC_C_LANGUAGE_STANDARD = gnu99;
				GCC_NO_COMMON_BLOCKS = YES;
				GCC_WARN_64_TO_32_BIT_CONVERSION = YES;
				GCC_WARN_ABOUT_RETURN_TYPE = YES_ERROR;
				GCC_WARN_UNDECLARED_SELECTOR = YES;
				GCC_WARN_UNINITIALIZED_AUTOS = YES_AGGRESSIVE;
				GCC_WARN_UNUSED_FUNCTION = YES;
				GCC_WARN_UNUSED_VARIABLE = YES;
				MACOSX_DEPLOYMENT_TARGET = 10.10;
				MTL_ENABLE_DEBUG_INFO = NO;
				SDKROOT = macosx;
			};
			name = Release;
		};
		7411C2001C87AB9E00323400 /* Debug */ = {
			isa = XCBuildConfiguration;
			buildSettings = {
				CLANG_ENABLE_MODULES = YES;
				LD_RUNPATH_SEARCH_PATHS = "$(inherited) @executable_path/../Frameworks @loader_path/../Frameworks";
				PRODUCT_NAME = "$(TARGET_NAME)";
				SWIFT_OBJC_BRIDGING_HEADER = "";
				SWIFT_OPTIMIZATION_LEVEL = "-Onone";
			};
			name = Debug;
		};
		7411C2011C87AB9E00323400 /* Release */ = {
			isa = XCBuildConfiguration;
			buildSettings = {
				CLANG_ENABLE_MODULES = YES;
				LD_RUNPATH_SEARCH_PATHS = "$(inherited) @executable_path/../Frameworks @loader_path/../Frameworks";
				PRODUCT_NAME = "$(TARGET_NAME)";
				SWIFT_OBJC_BRIDGING_HEADER = "";
			};
			name = Release;
		};
/* End XCBuildConfiguration section */

/* Begin XCConfigurationList section */
		7411C1F31C87AB9E00323400 /* Build configuration list for PBXProject "K-Means Clustering" */ = {
			isa = XCConfigurationList;
			buildConfigurations = (
				7411C1FD1C87AB9E00323400 /* Debug */,
				7411C1FE1C87AB9E00323400 /* Release */,
			);
			defaultConfigurationIsVisible = 0;
			defaultConfigurationName = Release;
		};
		7411C1FF1C87AB9E00323400 /* Build configuration list for PBXNativeTarget "K-Means Clustering" */ = {
			isa = XCConfigurationList;
			buildConfigurations = (
				7411C2001C87AB9E00323400 /* Debug */,
				7411C2011C87AB9E00323400 /* Release */,
			);
			defaultConfigurationIsVisible = 0;
			defaultConfigurationName = Release;
		};
/* End XCConfigurationList section */
	};
	rootObject = 7411C1F01C87AB9E00323400 /* Project object */;
}
